
Microsoft Visual Studio Solution File, Format Version 12.00
# Visual Studio Version 16
VisualStudioVersion = 16.0.31313.79
MinimumVisualStudioVersion = 10.0.40219.1
Project("{FAE04EC0-301F-11D3-BF4B-00C04F79EFBC}") = "textTest1", "textTest1\textTest1.csproj", "{BD0FBA26-5E64-4757-A195-1F4FE80A842C}"
EndProject
Global
	GlobalSection(SolutionConfigurationPlatforms) = preSolution
		Debug|Any CPU = Debug|Any CPU
		Release|Any CPU = Release|Any CPU
	EndGlobalSection
	GlobalSection(ProjectConfigurationPlatforms) = postSolution
		{BD0FBA26-5E64-4757-A195-1F4FE80A842C}.Debug|Any CPU.ActiveCfg = Debug|Any CPU
		{BD0FBA26-5E64-4757-A195-1F4FE80A842C}.Debug|Any CPU.Build.0 = Debug|Any CPU
		{BD0FBA26-5E64-4757-A195-1F4FE80A842C}.Release|Any CPU.ActiveCfg = Release|Any CPU
		{BD0FBA26-5E64-4757-A195-1F4FE80A842C}.Release|Any CPU.Build.0 = Release|Any CPU
	EndGlobalSection
	GlobalSection(SolutionProperties) = preSolution
		HideSolutionNode = FALSE
	EndGlobalSection
	GlobalSection(ExtensibilityGlobals) = postSolution
		SolutionGuid = {A7523E3C-F66F-436C-B480-1308E202DBA8}
	EndGlobalSection
EndGlobal
